
Microsoft Visual Studio Solution File, Format Version 12.00
# Visual Studio Version 17
VisualStudioVersion = 17.5.002.0
MinimumVisualStudioVersion = 10.0.40219.1
Project("{9A19103F-16F7-4668-BE54-9A1E7A4F7556}") = "ungdungdocsothanhchu", "ungdungdocsothanhchu.csproj", "{E46D1729-376A-452B-9CC7-8170C71047DA}"
EndProject
Global
	GlobalSection(SolutionConfigurationPlatforms) = preSolution
		Debug|Any CPU = Debug|Any CPU
		Release|Any CPU = Release|Any CPU
	EndGlobalSection
	GlobalSection(ProjectConfigurationPlatforms) = postSolution
		{E46D1729-376A-452B-9CC7-8170C71047DA}.Debug|Any CPU.ActiveCfg = Debug|Any CPU
		{E46D1729-376A-452B-9CC7-8170C71047DA}.Debug|Any CPU.Build.0 = Debug|Any CPU
		{E46D1729-376A-452B-9CC7-8170C71047DA}.Release|Any CPU.ActiveCfg = Release|Any CPU
		{E46D1729-376A-452B-9CC7-8170C71047DA}.Release|Any CPU.Build.0 = Release|Any CPU
	EndGlobalSection
	GlobalSection(SolutionProperties) = preSolution
		HideSolutionNode = FALSE
	EndGlobalSection
	GlobalSection(ExtensibilityGlobals) = postSolution
		SolutionGuid = {C44F9649-34BB-421A-A368-36B59F46264E}
	EndGlobalSection
EndGlobal
